{
  "version": 4,
  "terraform_version": "1.3.4",
  "serial": 25,
  "lineage": "5fb7b074-f1d1-f11b-8ce4-5ed6b0f54299",
  "outputs": {},
  "resources": [
    {
      "mode": "data",
      "type": "aws_ami",
      "name": "mi_imagen",
      "provider": "provider[\"registry.terraform.io/hashicorp/aws\"]",
      "instances": [
        {
          "schema_version": 0,
          "attributes": {
            "architecture": "x86_64",
            "arn": "arn:aws:ec2:eu-west-1::image/ami-0f29c8402f8cce65c",
            "block_device_mappings": [
              {
                "device_name": "/dev/sda1",
                "ebs": {
                  "delete_on_termination": "true",
                  "encrypted": "false",
                  "iops": "0",
                  "snapshot_id": "snap-0addbd6fb05971b21",
                  "throughput": "0",
                  "volume_size": "8",
                  "volume_type": "gp2"
                },
                "no_device": "",
                "virtual_name": ""
              },
              {
                "device_name": "/dev/sdb",
                "ebs": {},
                "no_device": "",
                "virtual_name": "ephemeral0"
              },
              {
                "device_name": "/dev/sdc",
                "ebs": {},
                "no_device": "",
                "virtual_name": "ephemeral1"
              }
            ],
            "boot_mode": "",
            "creation_date": "2021-09-29T08:19:45.000Z",
            "deprecation_time": "2023-09-29T08:19:45.000Z",
            "description": "Canonical, Ubuntu, 16.04 LTS, amd64 xenial image build on 2021-09-28",
            "ena_support": true,
            "executable_users": null,
            "filter": [
              {
                "name": "name",
                "values": [
                  "*ubuntu-xenial-16.04-amd64-server-*"
                ]
              },
              {
                "name": "virtualization-type",
                "values": [
                  "hvm"
                ]
              }
            ],
            "hypervisor": "xen",
            "id": "ami-0f29c8402f8cce65c",
            "image_id": "ami-0f29c8402f8cce65c",
            "image_location": "amazon/ubuntu/images/hvm-ssd/ubuntu-xenial-16.04-amd64-server-20210928",
            "image_owner_alias": "amazon",
            "image_type": "machine",
            "imds_support": "",
            "include_deprecated": false,
            "kernel_id": "",
            "most_recent": true,
            "name": "ubuntu/images/hvm-ssd/ubuntu-xenial-16.04-amd64-server-20210928",
            "name_regex": null,
            "owner_id": "099720109477",
            "owners": [
              "099720109477"
            ],
            "platform": "",
            "platform_details": "Linux/UNIX",
            "product_codes": [],
            "public": true,
            "ramdisk_id": "",
            "root_device_name": "/dev/sda1",
            "root_device_type": "ebs",
            "root_snapshot_id": "snap-0addbd6fb05971b21",
            "sriov_net_support": "simple",
            "state": "available",
            "state_reason": {
              "code": "UNSET",
              "message": "UNSET"
            },
            "tags": {},
            "timeouts": null,
            "tpm_support": "",
            "usage_operation": "RunInstances",
            "virtualization_type": "hvm"
          },
          "sensitive_attributes": []
        }
      ]
    },
    {
      "mode": "managed",
      "type": "aws_instance",
      "name": "mi_maquina",
      "provider": "provider[\"registry.terraform.io/hashicorp/aws\"]",
      "instances": [
        {
          "schema_version": 1,
          "attributes": {
            "ami": "ami-0f29c8402f8cce65c",
            "arn": "arn:aws:ec2:eu-west-1:639988086142:instance/i-065f99c8433e843c9",
            "associate_public_ip_address": true,
            "availability_zone": "eu-west-1c",
            "capacity_reservation_specification": [
              {
                "capacity_reservation_preference": "open",
                "capacity_reservation_target": []
              }
            ],
            "cpu_core_count": 1,
            "cpu_threads_per_core": 1,
            "credit_specification": [
              {
                "cpu_credits": "standard"
              }
            ],
            "disable_api_stop": false,
            "disable_api_termination": false,
            "ebs_block_device": [],
            "ebs_optimized": false,
            "enclave_options": [
              {
                "enabled": false
              }
            ],
            "ephemeral_block_device": [],
            "get_password_data": false,
            "hibernation": false,
            "host_id": null,
            "host_resource_group_arn": null,
            "iam_instance_profile": "",
            "id": "i-065f99c8433e843c9",
            "instance_initiated_shutdown_behavior": "stop",
            "instance_state": "running",
            "instance_type": "t2.micro",
            "ipv6_address_count": 0,
            "ipv6_addresses": [],
            "key_name": "ClavePublicaIvan",
            "launch_template": [],
            "maintenance_options": [
              {
                "auto_recovery": "default"
              }
            ],
            "metadata_options": [
              {
                "http_endpoint": "enabled",
                "http_put_response_hop_limit": 1,
                "http_tokens": "optional",
                "instance_metadata_tags": "disabled"
              }
            ],
            "monitoring": false,
            "network_interface": [],
            "outpost_arn": "",
            "password_data": "",
            "placement_group": "",
            "placement_partition_number": null,
            "primary_network_interface_id": "eni-0c35e16b516949633",
            "private_dns": "ip-172-31-36-170.eu-west-1.compute.internal",
            "private_dns_name_options": [
              {
                "enable_resource_name_dns_a_record": false,
                "enable_resource_name_dns_aaaa_record": false,
                "hostname_type": "ip-name"
              }
            ],
            "private_ip": "172.31.36.170",
            "public_dns": "ec2-54-171-230-131.eu-west-1.compute.amazonaws.com",
            "public_ip": "54.171.230.131",
            "root_block_device": [
              {
                "delete_on_termination": true,
                "device_name": "/dev/sda1",
                "encrypted": false,
                "iops": 100,
                "kms_key_id": "",
                "tags": {},
                "throughput": 0,
                "volume_id": "vol-0c02bb7c7dab49728",
                "volume_size": 8,
                "volume_type": "gp2"
              }
            ],
            "secondary_private_ips": [],
            "security_groups": [
              "permitir_ssh_ivan"
            ],
            "source_dest_check": true,
            "subnet_id": "subnet-a7ace9fd",
            "tags": {
              "Name": "Maquina de Ivan"
            },
            "tags_all": {
              "Name": "Maquina de Ivan"
            },
            "tenancy": "default",
            "timeouts": null,
            "user_data": null,
            "user_data_base64": null,
            "user_data_replace_on_change": false,
            "volume_tags": null,
            "vpc_security_group_ids": [
              "sg-04c35a6fd617f095f"
            ]
          },
          "sensitive_attributes": [],
          "private": "eyJlMmJmYjczMC1lY2FhLTExZTYtOGY4OC0zNDM2M2JjN2M0YzAiOnsiY3JlYXRlIjo2MDAwMDAwMDAwMDAsImRlbGV0ZSI6MTIwMDAwMDAwMDAwMCwidXBkYXRlIjo2MDAwMDAwMDAwMDB9LCJzY2hlbWFfdmVyc2lvbiI6IjEifQ==",
          "dependencies": [
            "aws_key_pair.claves_en_amazon",
            "aws_security_group.permitir_trafico_ssh_y_salida",
            "data.aws_ami.mi_imagen",
            "module.mis_claves.tls_private_key.claves"
          ]
        }
      ]
    },
    {
      "mode": "managed",
      "type": "aws_key_pair",
      "name": "claves_en_amazon",
      "provider": "provider[\"registry.terraform.io/hashicorp/aws\"]",
      "instances": [
        {
          "schema_version": 1,
          "attributes": {
            "arn": "arn:aws:ec2:eu-west-1:639988086142:key-pair/ClavePublicaIvan",
            "fingerprint": "bb:8d:4e:43:9b:04:7d:37:d2:e7:47:38:0a:39:51:0b",
            "id": "ClavePublicaIvan",
            "key_name": "ClavePublicaIvan",
            "key_name_prefix": "",
            "key_pair_id": "key-020d0c17e9198381f",
            "key_type": "rsa",
            "public_key": "ssh-rsa AAAAB3NzaC1yc2EAAAADAQABAAACAQDE8Pq66DtQWoHOsQIwrqhcwbMeV//2P6KSCdub2GpA/0l5ARgWKdyuMS48rwV7icARxyXc6o8eEgEyD3olXeCaX9X4vllIkEGWC5odLPmtMGMVYHkGcsT/LNPRfUI8RDFKfQiiMGcAuORtJq7A+h6JT7OuVRfM/Ebw/7/OiD+a71xSYaXj+IdmZGq9vZYROutMrCBAwWh1FpZHUDZB4sUJe44a0vVofrPwutPV0tl0fWb0AXgh51O62gKqwCjG8IqlAokIRA0NJOcmJqUWTB+Bj7rWWsC6Ymm8E3CET0yvsVf7T0K/tr2arUlgy8xrG84NX0HD+EVafcGI8XpMe1XcAbf6duj3pQ36JugWLLexalbtwE+0X4pqYeT87blrxnUNDebEnoxDxAhZXa1/f8P5+cgxYxh9JjYXwNjJMvayis5hlk/Z9FHMoeQddSVrJ5qCcRJE2Tg7EGivc6puDaab3dTBsTpjo2grdeoHaFd6ft7ahXsJMopejRJi9Ckz6clvzZY7QbjilvmwYK7RF+6HnRs6NT6X6JaCFSVkNu3iMGXKbGD7x+zEKpUaKngLMNM5LzgDjhAVBCVUEl+6x8G2VLhzww5Owa4+FEZR+w2oOPzgNTQZ7JUsYW3Z0ivawSGNlEKFPKvxlSxn6imy41Qg+gJCA3JMzijs3Wrklw4lbQ==",
            "tags": {},
            "tags_all": {}
          },
          "sensitive_attributes": [],
          "private": "eyJzY2hlbWFfdmVyc2lvbiI6IjEifQ==",
          "dependencies": [
            "module.mis_claves.tls_private_key.claves"
          ]
        }
      ]
    },
    {
      "mode": "managed",
      "type": "aws_security_group",
      "name": "permitir_trafico_ssh_y_salida",
      "provider": "provider[\"registry.terraform.io/hashicorp/aws\"]",
      "instances": [
        {
          "schema_version": 1,
          "attributes": {
            "arn": "arn:aws:ec2:eu-west-1:639988086142:security-group/sg-04c35a6fd617f095f",
            "description": "Permitir SSH y Salida",
            "egress": [
              {
                "cidr_blocks": [
                  "0.0.0.0/0"
                ],
                "description": "",
                "from_port": 0,
                "ipv6_cidr_blocks": [],
                "prefix_list_ids": [],
                "protocol": "-1",
                "security_groups": [],
                "self": false,
                "to_port": 0
              }
            ],
            "id": "sg-04c35a6fd617f095f",
            "ingress": [
              {
                "cidr_blocks": [
                  "0.0.0.0/0"
                ],
                "description": "Permitir ssh",
                "from_port": 22,
                "ipv6_cidr_blocks": [],
                "prefix_list_ids": [],
                "protocol": "tcp",
                "security_groups": [],
                "self": false,
                "to_port": 22
              }
            ],
            "name": "permitir_ssh_ivan",
            "name_prefix": "",
            "owner_id": "639988086142",
            "revoke_rules_on_delete": false,
            "tags": {
              "Name": "permitir_ssh_ivan"
            },
            "tags_all": {
              "Name": "permitir_ssh_ivan"
            },
            "timeouts": null,
            "vpc_id": "vpc-e5ef219c"
          },
          "sensitive_attributes": [],
          "private": "eyJlMmJmYjczMC1lY2FhLTExZTYtOGY4OC0zNDM2M2JjN2M0YzAiOnsiY3JlYXRlIjo2MDAwMDAwMDAwMDAsImRlbGV0ZSI6OTAwMDAwMDAwMDAwfSwic2NoZW1hX3ZlcnNpb24iOiIxIn0="
        }
      ]
    }
  ],
  "check_results": null
}
